// !$*UTF8*$!
{
	archiveVersion = 1;
	classes = {
	};
	objectVersion = 56;
	objects = {

/* Begin PBXBuildFile section */
		E8BD50B92E8DFC0400437CB9 /* KantanProApp.swift in Sources */ = {isa = PBXBuildFile; fileRef = E8BD50B82E8DFC0400437CB9 /* KantanProApp.swift */; };
		E8BD50BB2E8DFC0400437CB9 /* Persistence.swift in Sources */ = {isa = PBXBuildFile; fileRef = E8BD50BA2E8DFC0400437CB9 /* Persistence.swift */; };
		E8BD50BE2E8DFC0400437CB9 /* KantanProApp.xcdatamodeld in Sources */ = {isa = PBXBuildFile; fileRef = E8BD50BC2E8DFC0400437CB9 /* KantanProApp.xcdatamodeld */; };
		E8BD50C02E8DFC0400437CB9 /* ContentView.swift in Sources */ = {isa = PBXBuildFile; fileRef = E8BD50BF2E8DFC0400437CB9 /* ContentView.swift */; };
		E8BD50C22E8DFC0800437CB9 /* Assets.xcassets in Resources */ = {isa = PBXBuildFile; fileRef = E8BD50C12E8DFC0800437CB9 /* Assets.xcassets */; };
		E8BD50C62E8DFC0800437CB9 /* Preview Assets.xcassets in Resources */ = {isa = PBXBuildFile; fileRef = E8BD50C52E8DFC0800437CB9 /* Preview Assets.xcassets */; };
		E8BD50D12E8DFC0900437CB9 /* KantanProAppTests.swift in Sources */ = {isa = PBXBuildFile; fileRef = E8BD50D02E8DFC0900437CB9 /* KantanProAppTests.swift */; };
		E8BD50DB2E8DFC0900437CB9 /* KantanProAppUITests.swift in Sources */ = {isa = PBXBuildFile; fileRef = E8BD50DA2E8DFC0900437CB9 /* KantanProAppUITests.swift */; };
		E8BD50DD2E8DFC0900437CB9 /* KantanProAppUITestsLaunchTests.swift in Sources */ = {isa = PBXBuildFile; fileRef = E8BD50DC2E8DFC0900437CB9 /* KantanProAppUITestsLaunchTests.swift */; };
		E8BD50EA2E8E0A4100437CB9 /* Customer.swift in Sources */ = {isa = PBXBuildFile; fileRef = E8BD50E92E8E0A4100437CB9 /* Customer.swift */; };
		E8BD50EC2E8E0AF100437CB9 /* Order.swift in Sources */ = {isa = PBXBuildFile; fileRef = E8BD50EB2E8E0AF100437CB9 /* Order.swift */; };
		E8BD50EE2E8E0B3000437CB9 /* Service.swift in Sources */ = {isa = PBXBuildFile; fileRef = E8BD50ED2E8E0B3000437CB9 /* Service.swift */; };
		E8BD50F02E8E0B5400437CB9 /* Invoice.swift in Sources */ = {isa = PBXBuildFile; fileRef = E8BD50EF2E8E0B5400437CB9 /* Invoice.swift */; };
		E8BD50F22E8E0D8500437CB9 /* JobListView.swift in Sources */ = {isa = PBXBuildFile; fileRef = E8BD50F12E8E0D8500437CB9 /* JobListView.swift */; };
		E8BD50F42E8E0DA900437CB9 /* DocumentView.swift in Sources */ = {isa = PBXBuildFile; fileRef = E8BD50F32E8E0DA900437CB9 /* DocumentView.swift */; };
		E8BD50F62E8E0DF700437CB9 /* CustomerView.swift in Sources */ = {isa = PBXBuildFile; fileRef = E8BD50F52E8E0DF700437CB9 /* CustomerView.swift */; };
		E8BD50F82E8E0E1800437CB9 /* ServiceView.swift in Sources */ = {isa = PBXBuildFile; fileRef = E8BD50F72E8E0E1800437CB9 /* ServiceView.swift */; };
		E8BD50FA2E8E0E4A00437CB9 /* PartnerView.swift in Sources */ = {isa = PBXBuildFile; fileRef = E8BD50F92E8E0E4A00437CB9 /* PartnerView.swift */; };
		E8BD50FC2E8E0E6700437CB9 /* ReportView.swift in Sources */ = {isa = PBXBuildFile; fileRef = E8BD50FB2E8E0E6700437CB9 /* ReportView.swift */; };
/* End PBXBuildFile section */

/* Begin PBXContainerItemProxy section */
		E8BD50CD2E8DFC0900437CB9 /* PBXContainerItemProxy */ = {
			isa = PBXContainerItemProxy;
			containerPortal = E8BD50AD2E8DFC0400437CB9 /* Project object */;
			proxyType = 1;
			remoteGlobalIDString = E8BD50B42E8DFC0400437CB9;
			remoteInfo = KantanProApp;
		};
		E8BD50D72E8DFC0900437CB9 /* PBXContainerItemProxy */ = {
			isa = PBXContainerItemProxy;
			containerPortal = E8BD50AD2E8DFC0400437CB9 /* Project object */;
			proxyType = 1;
			remoteGlobalIDString = E8BD50B42E8DFC0400437CB9;
			remoteInfo = KantanProApp;
		};
/* End PBXContainerItemProxy section */

/* Begin PBXFileReference section */
		E8BD50B52E8DFC0400437CB9 /* KantanProApp.app */ = {isa = PBXFileReference; explicitFileType = wrapper.application; includeInIndex = 0; path = KantanProApp.app; sourceTree = BUILT_PRODUCTS_DIR; };
		E8BD50B82E8DFC0400437CB9 /* KantanProApp.swift */ = {isa = PBXFileReference; lastKnownFileType = sourcecode.swift; path = KantanProApp.swift; sourceTree = "<group>"; };
		E8BD50BA2E8DFC0400437CB9 /* Persistence.swift */ = {isa = PBXFileReference; lastKnownFileType = sourcecode.swift; path = Persistence.swift; sourceTree = "<group>"; };
		E8BD50BD2E8DFC0400437CB9 /* KantanProApp.xcdatamodel */ = {isa = PBXFileReference; lastKnownFileType = wrapper.xcdatamodel; path = KantanProApp.xcdatamodel; sourceTree = "<group>"; };
		E8BD50BF2E8DFC0400437CB9 /* ContentView.swift */ = {isa = PBXFileReference; lastKnownFileType = sourcecode.swift; path = ContentView.swift; sourceTree = "<group>"; };
		E8BD50C12E8DFC0800437CB9 /* Assets.xcassets */ = {isa = PBXFileReference; lastKnownFileType = folder.assetcatalog; path = Assets.xcassets; sourceTree = "<group>"; };
		E8BD50C32E8DFC0800437CB9 /* KantanProApp.entitlements */ = {isa = PBXFileReference; lastKnownFileType = text.plist.entitlements; path = KantanProApp.entitlements; sourceTree = "<group>"; };
		E8BD50C52E8DFC0800437CB9 /* Preview Assets.xcassets */ = {isa = PBXFileReference; lastKnownFileType = folder.assetcatalog; path = "Preview Assets.xcassets"; sourceTree = "<group>"; };
		E8BD50C72E8DFC0800437CB9 /* Info.plist */ = {isa = PBXFileReference; lastKnownFileType = text.plist.xml; path = Info.plist; sourceTree = "<group>"; };
		E8BD50CC2E8DFC0900437CB9 /* KantanProAppTests.xctest */ = {isa = PBXFileReference; explicitFileType = wrapper.cfbundle; includeInIndex = 0; path = KantanProAppTests.xctest; sourceTree = BUILT_PRODUCTS_DIR; };
		E8BD50D02E8DFC0900437CB9 /* KantanProAppTests.swift */ = {isa = PBXFileReference; lastKnownFileType = sourcecode.swift; path = KantanProAppTests.swift; sourceTree = "<group>"; };
		E8BD50D62E8DFC0900437CB9 /* KantanProAppUITests.xctest */ = {isa = PBXFileReference; explicitFileType = wrapper.cfbundle; includeInIndex = 0; path = KantanProAppUITests.xctest; sourceTree = BUILT_PRODUCTS_DIR; };
		E8BD50DA2E8DFC0900437CB9 /* KantanProAppUITests.swift */ = {isa = PBXFileReference; lastKnownFileType = sourcecode.swift; path = KantanProAppUITests.swift; sourceTree = "<group>"; };
		E8BD50DC2E8DFC0900437CB9 /* KantanProAppUITestsLaunchTests.swift */ = {isa = PBXFileReference; lastKnownFileType = sourcecode.swift; path = KantanProAppUITestsLaunchTests.swift; sourceTree = "<group>"; };
		E8BD50E92E8E0A4100437CB9 /* Customer.swift */ = {isa = PBXFileReference; lastKnownFileType = sourcecode.swift; path = Customer.swift; sourceTree = "<group>"; };
		E8BD50EB2E8E0AF100437CB9 /* Order.swift */ = {isa = PBXFileReference; lastKnownFileType = sourcecode.swift; path = Order.swift; sourceTree = "<group>"; };
		E8BD50ED2E8E0B3000437CB9 /* Service.swift */ = {isa = PBXFileReference; lastKnownFileType = sourcecode.swift; path = Service.swift; sourceTree = "<group>"; };
		E8BD50EF2E8E0B5400437CB9 /* Invoice.swift */ = {isa = PBXFileReference; lastKnownFileType = sourcecode.swift; path = Invoice.swift; sourceTree = "<group>"; };
		E8BD50F12E8E0D8500437CB9 /* JobListView.swift */ = {isa = PBXFileReference; lastKnownFileType = sourcecode.swift; path = JobListView.swift; sourceTree = "<group>"; };
		E8BD50F32E8E0DA900437CB9 /* DocumentView.swift */ = {isa = PBXFileReference; lastKnownFileType = sourcecode.swift; path = DocumentView.swift; sourceTree = "<group>"; };
		E8BD50F52E8E0DF700437CB9 /* CustomerView.swift */ = {isa = PBXFileReference; lastKnownFileType = sourcecode.swift; path = CustomerView.swift; sourceTree = "<group>"; };
		E8BD50F72E8E0E1800437CB9 /* ServiceView.swift */ = {isa = PBXFileReference; lastKnownFileType = sourcecode.swift; path = ServiceView.swift; sourceTree = "<group>"; };
		E8BD50F92E8E0E4A00437CB9 /* PartnerView.swift */ = {isa = PBXFileReference; lastKnownFileType = sourcecode.swift; path = PartnerView.swift; sourceTree = "<group>"; };
		E8BD50FB2E8E0E6700437CB9 /* ReportView.swift */ = {isa = PBXFileReference; lastKnownFileType = sourcecode.swift; path = ReportView.swift; sourceTree = "<group>"; };
/* End PBXFileReference section */

/* Begin PBXFrameworksBuildPhase section */
		E8BD50B22E8DFC0400437CB9 /* Frameworks */ = {
			isa = PBXFrameworksBuildPhase;
			buildActionMask = 2147483647;
			files = (
			);
			runOnlyForDeploymentPostprocessing = 0;
		};
		E8BD50C92E8DFC0900437CB9 /* Frameworks */ = {
			isa = PBXFrameworksBuildPhase;
			buildActionMask = 2147483647;
			files = (
			);
			runOnlyForDeploymentPostprocessing = 0;
		};
		E8BD50D32E8DFC0900437CB9 /* Frameworks */ = {
			isa = PBXFrameworksBuildPhase;
			buildActionMask = 2147483647;
			files = (
			);
			runOnlyForDeploymentPostprocessing = 0;
		};
/* End PBXFrameworksBuildPhase section */

/* Begin PBXGroup section */
		E8BD50AC2E8DFC0400437CB9 = {
			isa = PBXGroup;
			children = (
				E8BD50B72E8DFC0400437CB9 /* KantanProApp */,
				E8BD50CF2E8DFC0900437CB9 /* KantanProAppTests */,
				E8BD50D92E8DFC0900437CB9 /* KantanProAppUITests */,
				E8BD50B62E8DFC0400437CB9 /* Products */,
			);
			sourceTree = "<group>";
		};
		E8BD50B62E8DFC0400437CB9 /* Products */ = {
			isa = PBXGroup;
			children = (
				E8BD50B52E8DFC0400437CB9 /* KantanProApp.app */,
				E8BD50CC2E8DFC0900437CB9 /* KantanProAppTests.xctest */,
				E8BD50D62E8DFC0900437CB9 /* KantanProAppUITests.xctest */,
			);
			name = Products;
			sourceTree = "<group>";
		};
		E8BD50B72E8DFC0400437CB9 /* KantanProApp */ = {
			isa = PBXGroup;
			children = (
				E8BD50F72E8E0E1800437CB9 /* ServiceView.swift */,
				E8BD50B82E8DFC0400437CB9 /* KantanProApp.swift */,
				E8BD50BA2E8DFC0400437CB9 /* Persistence.swift */,
				E8BD50BF2E8DFC0400437CB9 /* ContentView.swift */,
				E8BD50C12E8DFC0800437CB9 /* Assets.xcassets */,
				E8BD50C32E8DFC0800437CB9 /* KantanProApp.entitlements */,
				E8BD50C72E8DFC0800437CB9 /* Info.plist */,
				E8BD50BC2E8DFC0400437CB9 /* KantanProApp.xcdatamodeld */,
				E8BD50C42E8DFC0800437CB9 /* Preview Content */,
				E8BD50E92E8E0A4100437CB9 /* Customer.swift */,
				E8BD50EB2E8E0AF100437CB9 /* Order.swift */,
				E8BD50ED2E8E0B3000437CB9 /* Service.swift */,
				E8BD50EF2E8E0B5400437CB9 /* Invoice.swift */,
				E8BD50F12E8E0D8500437CB9 /* JobListView.swift */,
				E8BD50F32E8E0DA900437CB9 /* DocumentView.swift */,
				E8BD50F52E8E0DF700437CB9 /* CustomerView.swift */,
				E8BD50F92E8E0E4A00437CB9 /* PartnerView.swift */,
				E8BD50FB2E8E0E6700437CB9 /* ReportView.swift */,
			);
			path = KantanProApp;
			sourceTree = "<group>";
		};
		E8BD50C42E8DFC0800437CB9 /* Preview Content */ = {
			isa = PBXGroup;
			children = (
				E8BD50C52E8DFC0800437CB9 /* Preview Assets.xcassets */,
			);
			path = "Preview Content";
			sourceTree = "<group>";
		};
		E8BD50CF2E8DFC0900437CB9 /* KantanProAppTests */ = {
			isa = PBXGroup;
			children = (
				E8BD50D02E8DFC0900437CB9 /* KantanProAppTests.swift */,
			);
			path = KantanProAppTests;
			sourceTree = "<group>";
		};
		E8BD50D92E8DFC0900437CB9 /* KantanProAppUITests */ = {
			isa = PBXGroup;
			children = (
				E8BD50DA2E8DFC0900437CB9 /* KantanProAppUITests.swift */,
				E8BD50DC2E8DFC0900437CB9 /* KantanProAppUITestsLaunchTests.swift */,
			);
			path = KantanProAppUITests;
			sourceTree = "<group>";
		};
/* End PBXGroup section */

/* Begin PBXNativeTarget section */
		E8BD50B42E8DFC0400437CB9 /* KantanProApp */ = {
			isa = PBXNativeTarget;
			buildConfigurationList = E8BD50E02E8DFC0900437CB9 /* Build configuration list for PBXNativeTarget "KantanProApp" */;
			buildPhases = (
				E8BD50B12E8DFC0400437CB9 /* Sources */,
				E8BD50B22E8DFC0400437CB9 /* Frameworks */,
				E8BD50B32E8DFC0400437CB9 /* Resources */,
			);
			buildRules = (
			);
			dependencies = (
			);
			name = KantanProApp;
			productName = KantanProApp;
			productReference = E8BD50B52E8DFC0400437CB9 /* KantanProApp.app */;
			productType = "com.apple.product-type.application";
		};
		E8BD50CB2E8DFC0900437CB9 /* KantanProAppTests */ = {
			isa = PBXNativeTarget;
			buildConfigurationList = E8BD50E32E8DFC0900437CB9 /* Build configuration list for PBXNativeTarget "KantanProAppTests" */;
			buildPhases = (
				E8BD50C82E8DFC0900437CB9 /* Sources */,
				E8BD50C92E8DFC0900437CB9 /* Frameworks */,
				E8BD50CA2E8DFC0900437CB9 /* Resources */,
			);
			buildRules = (
			);
			dependencies = (
				E8BD50CE2E8DFC0900437CB9 /* PBXTargetDependency */,
			);
			name = KantanProAppTests;
			productName = KantanProAppTests;
			productReference = E8BD50CC2E8DFC0900437CB9 /* KantanProAppTests.xctest */;
			productType = "com.apple.product-type.bundle.unit-test";
		};
		E8BD50D52E8DFC0900437CB9 /* KantanProAppUITests */ = {
			isa = PBXNativeTarget;
			buildConfigurationList = E8BD50E62E8DFC0900437CB9 /* Build configuration list for PBXNativeTarget "KantanProAppUITests" */;
			buildPhases = (
				E8BD50D22E8DFC0900437CB9 /* Sources */,
				E8BD50D32E8DFC0900437CB9 /* Frameworks */,
				E8BD50D42E8DFC0900437CB9 /* Resources */,
			);
			buildRules = (
			);
			dependencies = (
				E8BD50D82E8DFC0900437CB9 /* PBXTargetDependency */,
			);
			name = KantanProAppUITests;
			productName = KantanProAppUITests;
			productReference = E8BD50D62E8DFC0900437CB9 /* KantanProAppUITests.xctest */;
			productType = "com.apple.product-type.bundle.ui-testing";
		};
/* End PBXNativeTarget section */

/* Begin PBXProject section */
		E8BD50AD2E8DFC0400437CB9 /* Project object */ = {
			isa = PBXProject;
			attributes = {
				BuildIndependentTargetsInParallel = 1;
				LastSwiftUpdateCheck = 1520;
				LastUpgradeCheck = 1520;
				TargetAttributes = {
					E8BD50B42E8DFC0400437CB9 = {
						CreatedOnToolsVersion = 15.2;
					};
					E8BD50CB2E8DFC0900437CB9 = {
						CreatedOnToolsVersion = 15.2;
						TestTargetID = E8BD50B42E8DFC0400437CB9;
					};
					E8BD50D52E8DFC0900437CB9 = {
						CreatedOnToolsVersion = 15.2;
						TestTargetID = E8BD50B42E8DFC0400437CB9;
					};
				};
			};
			buildConfigurationList = E8BD50B02E8DFC0400437CB9 /* Build configuration list for PBXProject "KantanProApp" */;
			compatibilityVersion = "Xcode 14.0";
			developmentRegion = en;
			hasScannedForEncodings = 0;
			knownRegions = (
				en,
				Base,
			);
			mainGroup = E8BD50AC2E8DFC0400437CB9;
			productRefGroup = E8BD50B62E8DFC0400437CB9 /* Products */;
			projectDirPath = "";
			projectRoot = "";
			targets = (
				E8BD50B42E8DFC0400437CB9 /* KantanProApp */,
				E8BD50CB2E8DFC0900437CB9 /* KantanProAppTests */,
				E8BD50D52E8DFC0900437CB9 /* KantanProAppUITests */,
			);
		};
/* End PBXProject section */

/* Begin PBXResourcesBuildPhase section */
		E8BD50B32E8DFC0400437CB9 /* Resources */ = {
			isa = PBXResourcesBuildPhase;
			buildActionMask = 2147483647;
			files = (
				E8BD50C62E8DFC0800437CB9 /* Preview Assets.xcassets in Resources */,
				E8BD50C22E8DFC0800437CB9 /* Assets.xcassets in Resources */,
			);
			runOnlyForDeploymentPostprocessing = 0;
		};
		E8BD50CA2E8DFC0900437CB9 /* Resources */ = {
			isa = PBXResourcesBuildPhase;
			buildActionMask = 2147483647;
			files = (
			);
			runOnlyForDeploymentPostprocessing = 0;
		};
		E8BD50D42E8DFC0900437CB9 /* Resources */ = {
			isa = PBXResourcesBuildPhase;
			buildActionMask = 2147483647;
			files = (
			);
			runOnlyForDeploymentPostprocessing = 0;
		};
/* End PBXResourcesBuildPhase section */

/* Begin PBXSourcesBuildPhase section */
		E8BD50B12E8DFC0400437CB9 /* Sources */ = {
			isa = PBXSourcesBuildPhase;
			buildActionMask = 2147483647;
			files = (
				E8BD50EC2E8E0AF100437CB9 /* Order.swift in Sources */,
				E8BD50EE2E8E0B3000437CB9 /* Service.swift in Sources */,
				E8BD50F22E8E0D8500437CB9 /* JobListView.swift in Sources */,
				E8BD50BE2E8DFC0400437CB9 /* KantanProApp.xcdatamodeld in Sources */,
				E8BD50FC2E8E0E6700437CB9 /* ReportView.swift in Sources */,
				E8BD50F82E8E0E1800437CB9 /* ServiceView.swift in Sources */,
				E8BD50EA2E8E0A4100437CB9 /* Customer.swift in Sources */,
				E8BD50B92E8DFC0400437CB9 /* KantanProApp.swift in Sources */,
				E8BD50F02E8E0B5400437CB9 /* Invoice.swift in Sources */,
				E8BD50C02E8DFC0400437CB9 /* ContentView.swift in Sources */,
				E8BD50F62E8E0DF700437CB9 /* CustomerView.swift in Sources */,
				E8BD50BB2E8DFC0400437CB9 /* Persistence.swift in Sources */,
				E8BD50FA2E8E0E4A00437CB9 /* PartnerView.swift in Sources */,
				E8BD50F42E8E0DA900437CB9 /* DocumentView.swift in Sources */,
			);
			runOnlyForDeploymentPostprocessing = 0;
		};
		E8BD50C82E8DFC0900437CB9 /* Sources */ = {
			isa = PBXSourcesBuildPhase;
			buildActionMask = 2147483647;
			files = (
				E8BD50D12E8DFC0900437CB9 /* KantanProAppTests.swift in Sources */,
			);
			runOnlyForDeploymentPostprocessing = 0;
		};
		E8BD50D22E8DFC0900437CB9 /* Sources */ = {
			isa = PBXSourcesBuildPhase;
			buildActionMask = 2147483647;
			files = (
				E8BD50DB2E8DFC0900437CB9 /* KantanProAppUITests.swift in Sources */,
				E8BD50DD2E8DFC0900437CB9 /* KantanProAppUITestsLaunchTests.swift in Sources */,
			);
			runOnlyForDeploymentPostprocessing = 0;
		};
/* End PBXSourcesBuildPhase section */

/* Begin PBXTargetDependency section */
		E8BD50CE2E8DFC0900437CB9 /* PBXTargetDependency */ = {
			isa = PBXTargetDependency;
			target = E8BD50B42E8DFC0400437CB9 /* KantanProApp */;
			targetProxy = E8BD50CD2E8DFC0900437CB9 /* PBXContainerItemProxy */;
		};
		E8BD50D82E8DFC0900437CB9 /* PBXTargetDependency */ = {
			isa = PBXTargetDependency;
			target = E8BD50B42E8DFC0400437CB9 /* KantanProApp */;
			targetProxy = E8BD50D72E8DFC0900437CB9 /* PBXContainerItemProxy */;
		};
/* End PBXTargetDependency section */

/* Begin XCBuildConfiguration section */
		E8BD50DE2E8DFC0900437CB9 /* Debug */ = {
			isa = XCBuildConfiguration;
			buildSettings = {
				ALWAYS_SEARCH_USER_PATHS = NO;
				ASSETCATALOG_COMPILER_GENERATE_SWIFT_ASSET_SYMBOL_EXTENSIONS = YES;
				CLANG_ANALYZER_NONNULL = YES;
				CLANG_ANALYZER_NUMBER_OBJECT_CONVERSION = YES_AGGRESSIVE;
				CLANG_CXX_LANGUAGE_STANDARD = "gnu++20";
				CLANG_ENABLE_MODULES = YES;
				CLANG_ENABLE_OBJC_ARC = YES;
				CLANG_ENABLE_OBJC_WEAK = YES;
				CLANG_WARN_BLOCK_CAPTURE_AUTORELEASING = YES;
				CLANG_WARN_BOOL_CONVERSION = YES;
				CLANG_WARN_COMMA = YES;
				CLANG_WARN_CONSTANT_CONVERSION = YES;
				CLANG_WARN_DEPRECATED_OBJC_IMPLEMENTATIONS = YES;
				CLANG_WARN_DIRECT_OBJC_ISA_USAGE = YES_ERROR;
				CLANG_WARN_DOCUMENTATION_COMMENTS = YES;
				CLANG_WARN_EMPTY_BODY = YES;
				CLANG_WARN_ENUM_CONVERSION = YES;
				CLANG_WARN_INFINITE_RECURSION = YES;
				CLANG_WARN_INT_CONVERSION = YES;
				CLANG_WARN_NON_LITERAL_NULL_CONVERSION = YES;
				CLANG_WARN_OBJC_IMPLICIT_RETAIN_SELF = YES;
				CLANG_WARN_OBJC_LITERAL_CONVERSION = YES;
				CLANG_WARN_OBJC_ROOT_CLASS = YES_ERROR;
				CLANG_WARN_QUOTED_INCLUDE_IN_FRAMEWORK_HEADER = YES;
				CLANG_WARN_RANGE_LOOP_ANALYSIS = YES;
				CLANG_WARN_STRICT_PROTOTYPES = YES;
				CLANG_WARN_SUSPICIOUS_MOVE = YES;
				CLANG_WARN_UNGUARDED_AVAILABILITY = YES_AGGRESSIVE;
				CLANG_WARN_UNREACHABLE_CODE = YES;
				CLANG_WARN__DUPLICATE_METHOD_MATCH = YES;
				COPY_PHASE_STRIP = NO;
				DEBUG_INFORMATION_FORMAT = dwarf;
				ENABLE_STRICT_OBJC_MSGSEND = YES;
				ENABLE_TESTABILITY = YES;
				ENABLE_USER_SCRIPT_SANDBOXING = YES;
				GCC_C_LANGUAGE_STANDARD = gnu17;
				GCC_DYNAMIC_NO_PIC = NO;
				GCC_NO_COMMON_BLOCKS = YES;
				GCC_OPTIMIZATION_LEVEL = 0;
				GCC_PREPROCESSOR_DEFINITIONS = (
					"DEBUG=1",
					"$(inherited)",
				);
				GCC_WARN_64_TO_32_BIT_CONVERSION = YES;
				GCC_WARN_ABOUT_RETURN_TYPE = YES_ERROR;
				GCC_WARN_UNDECLARED_SELECTOR = YES;
				GCC_WARN_UNINITIALIZED_AUTOS = YES_AGGRESSIVE;
				GCC_WARN_UNUSED_FUNCTION = YES;
				GCC_WARN_UNUSED_VARIABLE = YES;
				LOCALIZATION_PREFERS_STRING_CATALOGS = YES;
				MTL_ENABLE_DEBUG_INFO = INCLUDE_SOURCE;
				MTL_FAST_MATH = YES;
				ONLY_ACTIVE_ARCH = YES;
				SWIFT_ACTIVE_COMPILATION_CONDITIONS = "DEBUG $(inherited)";
				SWIFT_OPTIMIZATION_LEVEL = "-Onone";
			};
			name = Debug;
		};
		E8BD50DF2E8DFC0900437CB9 /* Release */ = {
			isa = XCBuildConfiguration;
			buildSettings = {
				ALWAYS_SEARCH_USER_PATHS = NO;
				ASSETCATALOG_COMPILER_GENERATE_SWIFT_ASSET_SYMBOL_EXTENSIONS = YES;
				CLANG_ANALYZER_NONNULL = YES;
				CLANG_ANALYZER_NUMBER_OBJECT_CONVERSION = YES_AGGRESSIVE;
				CLANG_CXX_LANGUAGE_STANDARD = "gnu++20";
				CLANG_ENABLE_MODULES = YES;
				CLANG_ENABLE_OBJC_ARC = YES;
				CLANG_ENABLE_OBJC_WEAK = YES;
				CLANG_WARN_BLOCK_CAPTURE_AUTORELEASING = YES;
				CLANG_WARN_BOOL_CONVERSION = YES;
				CLANG_WARN_COMMA = YES;
				CLANG_WARN_CONSTANT_CONVERSION = YES;
				CLANG_WARN_DEPRECATED_OBJC_IMPLEMENTATIONS = YES;
				CLANG_WARN_DIRECT_OBJC_ISA_USAGE = YES_ERROR;
				CLANG_WARN_DOCUMENTATION_COMMENTS = YES;
				CLANG_WARN_EMPTY_BODY = YES;
				CLANG_WARN_ENUM_CONVERSION = YES;
				CLANG_WARN_INFINITE_RECURSION = YES;
				CLANG_WARN_INT_CONVERSION = YES;
				CLANG_WARN_NON_LITERAL_NULL_CONVERSION = YES;
				CLANG_WARN_OBJC_IMPLICIT_RETAIN_SELF = YES;
				CLANG_WARN_OBJC_LITERAL_CONVERSION = YES;
				CLANG_WARN_OBJC_ROOT_CLASS = YES_ERROR;
				CLANG_WARN_QUOTED_INCLUDE_IN_FRAMEWORK_HEADER = YES;
				CLANG_WARN_RANGE_LOOP_ANALYSIS = YES;
				CLANG_WARN_STRICT_PROTOTYPES = YES;
				CLANG_WARN_SUSPICIOUS_MOVE = YES;
				CLANG_WARN_UNGUARDED_AVAILABILITY = YES_AGGRESSIVE;
				CLANG_WARN_UNREACHABLE_CODE = YES;
				CLANG_WARN__DUPLICATE_METHOD_MATCH = YES;
				COPY_PHASE_STRIP = NO;
				DEBUG_INFORMATION_FORMAT = "dwarf-with-dsym";
				ENABLE_NS_ASSERTIONS = NO;
				ENABLE_STRICT_OBJC_MSGSEND = YES;
				ENABLE_USER_SCRIPT_SANDBOXING = YES;
				GCC_C_LANGUAGE_STANDARD = gnu17;
				GCC_NO_COMMON_BLOCKS = YES;
				GCC_WARN_64_TO_32_BIT_CONVERSION = YES;
				GCC_WARN_ABOUT_RETURN_TYPE = YES_ERROR;
				GCC_WARN_UNDECLARED_SELECTOR = YES;
				GCC_WARN_UNINITIALIZED_AUTOS = YES_AGGRESSIVE;
				GCC_WARN_UNUSED_FUNCTION = YES;
				GCC_WARN_UNUSED_VARIABLE = YES;
				LOCALIZATION_PREFERS_STRING_CATALOGS = YES;
				MTL_ENABLE_DEBUG_INFO = NO;
				MTL_FAST_MATH = YES;
				SWIFT_COMPILATION_MODE = wholemodule;
			};
			name = Release;
		};
		E8BD50E12E8DFC0900437CB9 /* Debug */ = {
			isa = XCBuildConfiguration;
			buildSettings = {
				ASSETCATALOG_COMPILER_APPICON_NAME = AppIcon;
				ASSETCATALOG_COMPILER_GLOBAL_ACCENT_COLOR_NAME = AccentColor;
				CODE_SIGN_ENTITLEMENTS = KantanProApp/KantanProApp.entitlements;
				CODE_SIGN_STYLE = Automatic;
				CURRENT_PROJECT_VERSION = 1;
				DEVELOPMENT_ASSET_PATHS = "\"KantanProApp/Preview Content\"";
				DEVELOPMENT_TEAM = XJDV72BFZ4;
				ENABLE_HARDENED_RUNTIME = YES;
				ENABLE_PREVIEWS = YES;
				GENERATE_INFOPLIST_FILE = YES;
				INFOPLIST_FILE = KantanProApp/Info.plist;
				"INFOPLIST_KEY_UIApplicationSceneManifest_Generation[sdk=iphoneos*]" = YES;
				"INFOPLIST_KEY_UIApplicationSceneManifest_Generation[sdk=iphonesimulator*]" = YES;
				"INFOPLIST_KEY_UIApplicationSupportsIndirectInputEvents[sdk=iphoneos*]" = YES;
				"INFOPLIST_KEY_UIApplicationSupportsIndirectInputEvents[sdk=iphonesimulator*]" = YES;
				"INFOPLIST_KEY_UILaunchScreen_Generation[sdk=iphoneos*]" = YES;
				"INFOPLIST_KEY_UILaunchScreen_Generation[sdk=iphonesimulator*]" = YES;
				"INFOPLIST_KEY_UIStatusBarStyle[sdk=iphoneos*]" = UIStatusBarStyleDefault;
				"INFOPLIST_KEY_UIStatusBarStyle[sdk=iphonesimulator*]" = UIStatusBarStyleDefault;
				INFOPLIST_KEY_UISupportedInterfaceOrientations_iPad = "UIInterfaceOrientationPortrait UIInterfaceOrientationPortraitUpsideDown UIInterfaceOrientationLandscapeLeft UIInterfaceOrientationLandscapeRight";
				INFOPLIST_KEY_UISupportedInterfaceOrientations_iPhone = "UIInterfaceOrientationPortrait UIInterfaceOrientationLandscapeLeft UIInterfaceOrientationLandscapeRight";
				IPHONEOS_DEPLOYMENT_TARGET = 17.2;
				LD_RUNPATH_SEARCH_PATHS = "@executable_path/Frameworks";
				"LD_RUNPATH_SEARCH_PATHS[sdk=macosx*]" = "@executable_path/../Frameworks";
				MACOSX_DEPLOYMENT_TARGET = 13.7;
				MARKETING_VERSION = 1.0;
				PRODUCT_BUNDLE_IDENTIFIER = "------.KantanProApp";
				PRODUCT_NAME = "$(TARGET_NAME)";
				SDKROOT = auto;
				SUPPORTED_PLATFORMS = "iphoneos iphonesimulator macosx";
				SWIFT_EMIT_LOC_STRINGS = YES;
				SWIFT_VERSION = 5.0;
				TARGETED_DEVICE_FAMILY = "1,2";
			};
			name = Debug;
		};
		E8BD50E22E8DFC0900437CB9 /* Release */ = {
			isa = XCBuildConfiguration;
			buildSettings = {
				ASSETCATALOG_COMPILER_APPICON_NAME = AppIcon;
				ASSETCATALOG_COMPILER_GLOBAL_ACCENT_COLOR_NAME = AccentColor;
				CODE_SIGN_ENTITLEMENTS = KantanProApp/KantanProApp.entitlements;
				CODE_SIGN_STYLE = Automatic;
				CURRENT_PROJECT_VERSION = 1;
				DEVELOPMENT_ASSET_PATHS = "\"KantanProApp/Preview Content\"";
				DEVELOPMENT_TEAM = XJDV72BFZ4;
				ENABLE_HARDENED_RUNTIME = YES;
				ENABLE_PREVIEWS = YES;
				GENERATE_INFOPLIST_FILE = YES;
				INFOPLIST_FILE = KantanProApp/Info.plist;
				"INFOPLIST_KEY_UIApplicationSceneManifest_Generation[sdk=iphoneos*]" = YES;
				"INFOPLIST_KEY_UIApplicationSceneManifest_Generation[sdk=iphonesimulator*]" = YES;
				"INFOPLIST_KEY_UIApplicationSupportsIndirectInputEvents[sdk=iphoneos*]" = YES;
				"INFOPLIST_KEY_UIApplicationSupportsIndirectInputEvents[sdk=iphonesimulator*]" = YES;
				"INFOPLIST_KEY_UILaunchScreen_Generation[sdk=iphoneos*]" = YES;
				"INFOPLIST_KEY_UILaunchScreen_Generation[sdk=iphonesimulator*]" = YES;
				"INFOPLIST_KEY_UIStatusBarStyle[sdk=iphoneos*]" = UIStatusBarStyleDefault;
				"INFOPLIST_KEY_UIStatusBarStyle[sdk=iphonesimulator*]" = UIStatusBarStyleDefault;
				INFOPLIST_KEY_UISupportedInterfaceOrientations_iPad = "UIInterfaceOrientationPortrait UIInterfaceOrientationPortraitUpsideDown UIInterfaceOrientationLandscapeLeft UIInterfaceOrientationLandscapeRight";
				INFOPLIST_KEY_UISupportedInterfaceOrientations_iPhone = "UIInterfaceOrientationPortrait UIInterfaceOrientationLandscapeLeft UIInterfaceOrientationLandscapeRight";
				IPHONEOS_DEPLOYMENT_TARGET = 17.2;
				LD_RUNPATH_SEARCH_PATHS = "@executable_path/Frameworks";
				"LD_RUNPATH_SEARCH_PATHS[sdk=macosx*]" = "@executable_path/../Frameworks";
				MACOSX_DEPLOYMENT_TARGET = 13.7;
				MARKETING_VERSION = 1.0;
				PRODUCT_BUNDLE_IDENTIFIER = "------.KantanProApp";
				PRODUCT_NAME = "$(TARGET_NAME)";
				SDKROOT = auto;
				SUPPORTED_PLATFORMS = "iphoneos iphonesimulator macosx";
				SWIFT_EMIT_LOC_STRINGS = YES;
				SWIFT_VERSION = 5.0;
				TARGETED_DEVICE_FAMILY = "1,2";
			};
			name = Release;
		};
		E8BD50E42E8DFC0900437CB9 /* Debug */ = {
			isa = XCBuildConfiguration;
			buildSettings = {
				ALWAYS_EMBED_SWIFT_STANDARD_LIBRARIES = YES;
				BUNDLE_LOADER = "$(TEST_HOST)";
				CODE_SIGN_STYLE = Automatic;
				CURRENT_PROJECT_VERSION = 1;
				DEVELOPMENT_TEAM = XJDV72BFZ4;
				GENERATE_INFOPLIST_FILE = YES;
				IPHONEOS_DEPLOYMENT_TARGET = 17.2;
				MACOSX_DEPLOYMENT_TARGET = 13.7;
				MARKETING_VERSION = 1.0;
				PRODUCT_BUNDLE_IDENTIFIER = "------.KantanProAppTests";
				PRODUCT_NAME = "$(TARGET_NAME)";
				SDKROOT = auto;
				SUPPORTED_PLATFORMS = "iphoneos iphonesimulator macosx";
				SWIFT_EMIT_LOC_STRINGS = NO;
				SWIFT_VERSION = 5.0;
				TARGETED_DEVICE_FAMILY = "1,2";
				TEST_HOST = "$(BUILT_PRODUCTS_DIR)/KantanProApp.app/$(BUNDLE_EXECUTABLE_FOLDER_PATH)/KantanProApp";
			};
			name = Debug;
		};
		E8BD50E52E8DFC0900437CB9 /* Release */ = {
			isa = XCBuildConfiguration;
			buildSettings = {
				ALWAYS_EMBED_SWIFT_STANDARD_LIBRARIES = YES;
				BUNDLE_LOADER = "$(TEST_HOST)";
				CODE_SIGN_STYLE = Automatic;
				CURRENT_PROJECT_VERSION = 1;
				DEVELOPMENT_TEAM = XJDV72BFZ4;
				GENERATE_INFOPLIST_FILE = YES;
				IPHONEOS_DEPLOYMENT_TARGET = 17.2;
				MACOSX_DEPLOYMENT_TARGET = 13.7;
				MARKETING_VERSION = 1.0;
				PRODUCT_BUNDLE_IDENTIFIER = "------.KantanProAppTests";
				PRODUCT_NAME = "$(TARGET_NAME)";
				SDKROOT = auto;
				SUPPORTED_PLATFORMS = "iphoneos iphonesimulator macosx";
				SWIFT_EMIT_LOC_STRINGS = NO;
				SWIFT_VERSION = 5.0;
				TARGETED_DEVICE_FAMILY = "1,2";
				TEST_HOST = "$(BUILT_PRODUCTS_DIR)/KantanProApp.app/$(BUNDLE_EXECUTABLE_FOLDER_PATH)/KantanProApp";
			};
			name = Release;
		};
		E8BD50E72E8DFC0900437CB9 /* Debug */ = {
			isa = XCBuildConfiguration;
			buildSettings = {
				ALWAYS_EMBED_SWIFT_STANDARD_LIBRARIES = YES;
				CODE_SIGN_STYLE = Automatic;
				CURRENT_PROJECT_VERSION = 1;
				DEVELOPMENT_TEAM = XJDV72BFZ4;
				GENERATE_INFOPLIST_FILE = YES;
				IPHONEOS_DEPLOYMENT_TARGET = 17.2;
				MACOSX_DEPLOYMENT_TARGET = 13.7;
				MARKETING_VERSION = 1.0;
				PRODUCT_BUNDLE_IDENTIFIER = "------.KantanProAppUITests";
				PRODUCT_NAME = "$(TARGET_NAME)";
				SDKROOT = auto;
				SUPPORTED_PLATFORMS = "iphoneos iphonesimulator macosx";
				SWIFT_EMIT_LOC_STRINGS = NO;
				SWIFT_VERSION = 5.0;
				TARGETED_DEVICE_FAMILY = "1,2";
				TEST_TARGET_NAME = KantanProApp;
			};
			name = Debug;
		};
		E8BD50E82E8DFC0900437CB9 /* Release */ = {
			isa = XCBuildConfiguration;
			buildSettings = {
				ALWAYS_EMBED_SWIFT_STANDARD_LIBRARIES = YES;
				CODE_SIGN_STYLE = Automatic;
				CURRENT_PROJECT_VERSION = 1;
				DEVELOPMENT_TEAM = XJDV72BFZ4;
				GENERATE_INFOPLIST_FILE = YES;
				IPHONEOS_DEPLOYMENT_TARGET = 17.2;
				MACOSX_DEPLOYMENT_TARGET = 13.7;
				MARKETING_VERSION = 1.0;
				PRODUCT_BUNDLE_IDENTIFIER = "------.KantanProAppUITests";
				PRODUCT_NAME = "$(TARGET_NAME)";
				SDKROOT = auto;
				SUPPORTED_PLATFORMS = "iphoneos iphonesimulator macosx";
				SWIFT_EMIT_LOC_STRINGS = NO;
				SWIFT_VERSION = 5.0;
				TARGETED_DEVICE_FAMILY = "1,2";
				TEST_TARGET_NAME = KantanProApp;
			};
			name = Release;
		};
/* End XCBuildConfiguration section */

/* Begin XCConfigurationList section */
		E8BD50B02E8DFC0400437CB9 /* Build configuration list for PBXProject "KantanProApp" */ = {
			isa = XCConfigurationList;
			buildConfigurations = (
				E8BD50DE2E8DFC0900437CB9 /* Debug */,
				E8BD50DF2E8DFC0900437CB9 /* Release */,
			);
			defaultConfigurationIsVisible = 0;
			defaultConfigurationName = Release;
		};
		E8BD50E02E8DFC0900437CB9 /* Build configuration list for PBXNativeTarget "KantanProApp" */ = {
			isa = XCConfigurationList;
			buildConfigurations = (
				E8BD50E12E8DFC0900437CB9 /* Debug */,
				E8BD50E22E8DFC0900437CB9 /* Release */,
			);
			defaultConfigurationIsVisible = 0;
			defaultConfigurationName = Release;
		};
		E8BD50E32E8DFC0900437CB9 /* Build configuration list for PBXNativeTarget "KantanProAppTests" */ = {
			isa = XCConfigurationList;
			buildConfigurations = (
				E8BD50E42E8DFC0900437CB9 /* Debug */,
				E8BD50E52E8DFC0900437CB9 /* Release */,
			);
			defaultConfigurationIsVisible = 0;
			defaultConfigurationName = Release;
		};
		E8BD50E62E8DFC0900437CB9 /* Build configuration list for PBXNativeTarget "KantanProAppUITests" */ = {
			isa = XCConfigurationList;
			buildConfigurations = (
				E8BD50E72E8DFC0900437CB9 /* Debug */,
				E8BD50E82E8DFC0900437CB9 /* Release */,
			);
			defaultConfigurationIsVisible = 0;
			defaultConfigurationName = Release;
		};
/* End XCConfigurationList section */

/* Begin XCVersionGroup section */
		E8BD50BC2E8DFC0400437CB9 /* KantanProApp.xcdatamodeld */ = {
			isa = XCVersionGroup;
			children = (
				E8BD50BD2E8DFC0400437CB9 /* KantanProApp.xcdatamodel */,
			);
			currentVersion = E8BD50BD2E8DFC0400437CB9 /* KantanProApp.xcdatamodel */;
			path = KantanProApp.xcdatamodeld;
			sourceTree = "<group>";
			versionGroupType = wrapper.xcdatamodel;
		};
/* End XCVersionGroup section */
	};
	rootObject = E8BD50AD2E8DFC0400437CB9 /* Project object */;
}
